// !$*UTF8*$!
{
	archiveVersion = 1;
	classes = {
	};
	objectVersion = 46;
	objects = {

/* Begin PBXBuildFile section */
		DD0404C91EAEF08200BC11B5 /* DownloadManager.m in Sources */ = {isa = PBXBuildFile; fileRef = DD0404C81EAEF08200BC11B5 /* DownloadManager.m */; };
		DDDDD4191EA9A6CC0055CF3B /* main.m in Sources */ = {isa = PBXBuildFile; fileRef = DDDDD4181EA9A6CC0055CF3B /* main.m */; };
		DDDDD41C1EA9A6CC0055CF3B /* AppDelegate.m in Sources */ = {isa = PBXBuildFile; fileRef = DDDDD41B1EA9A6CC0055CF3B /* AppDelegate.m */; };
		DDDDD41F1EA9A6CC0055CF3B /* ViewController.m in Sources */ = {isa = PBXBuildFile; fileRef = DDDDD41E1EA9A6CC0055CF3B /* ViewController.m */; };
		DDDDD4221EA9A6CC0055CF3B /* Main.storyboard in Resources */ = {isa = PBXBuildFile; fileRef = DDDDD4201EA9A6CC0055CF3B /* Main.storyboard */; };
		DDDDD4241EA9A6CC0055CF3B /* Assets.xcassets in Resources */ = {isa = PBXBuildFile; fileRef = DDDDD4231EA9A6CC0055CF3B /* Assets.xcassets */; };
		DDDDD4271EA9A6CC0055CF3B /* LaunchScreen.storyboard in Resources */ = {isa = PBXBuildFile; fileRef = DDDDD4251EA9A6CC0055CF3B /* LaunchScreen.storyboard */; };
		DDDDD4311EA9A8920055CF3B /* DownloadOperation.m in Sources */ = {isa = PBXBuildFile; fileRef = DDDDD4301EA9A8920055CF3B /* DownloadOperation.m */; };
		DDE33D621EADF157007833FB /* AFHTTPSessionManager.m in Sources */ = {isa = PBXBuildFile; fileRef = DDE33D561EADF157007833FB /* AFHTTPSessionManager.m */; };
		DDE33D631EADF157007833FB /* AFNetworkReachabilityManager.m in Sources */ = {isa = PBXBuildFile; fileRef = DDE33D591EADF157007833FB /* AFNetworkReachabilityManager.m */; };
		DDE33D641EADF157007833FB /* AFSecurityPolicy.m in Sources */ = {isa = PBXBuildFile; fileRef = DDE33D5B1EADF157007833FB /* AFSecurityPolicy.m */; };
		DDE33D651EADF157007833FB /* AFURLRequestSerialization.m in Sources */ = {isa = PBXBuildFile; fileRef = DDE33D5D1EADF157007833FB /* AFURLRequestSerialization.m */; };
		DDE33D661EADF157007833FB /* AFURLResponseSerialization.m in Sources */ = {isa = PBXBuildFile; fileRef = DDE33D5F1EADF157007833FB /* AFURLResponseSerialization.m */; };
		DDE33D671EADF157007833FB /* AFURLSessionManager.m in Sources */ = {isa = PBXBuildFile; fileRef = DDE33D611EADF157007833FB /* AFURLSessionManager.m */; };
		DDE33D6A1EADF1BE007833FB /* appModel.m in Sources */ = {isa = PBXBuildFile; fileRef = DDE33D691EADF1BE007833FB /* appModel.m */; };
/* End PBXBuildFile section */

/* Begin PBXFileReference section */
		DD0404C71EAEF08200BC11B5 /* DownloadManager.h */ = {isa = PBXFileReference; fileEncoding = 4; lastKnownFileType = sourcecode.c.h; path = DownloadManager.h; sourceTree = "<group>"; };
		DD0404C81EAEF08200BC11B5 /* DownloadManager.m */ = {isa = PBXFileReference; fileEncoding = 4; lastKnownFileType = sourcecode.c.objc; path = DownloadManager.m; sourceTree = "<group>"; };
		DDDDD4141EA9A6CC0055CF3B /* 仿SDWebImage.app */ = {isa = PBXFileReference; explicitFileType = wrapper.application; includeInIndex = 0; path = "仿SDWebImage.app"; sourceTree = BUILT_PRODUCTS_DIR; };
		DDDDD4181EA9A6CC0055CF3B /* main.m */ = {isa = PBXFileReference; lastKnownFileType = sourcecode.c.objc; path = main.m; sourceTree = "<group>"; };
		DDDDD41A1EA9A6CC0055CF3B /* AppDelegate.h */ = {isa = PBXFileReference; lastKnownFileType = sourcecode.c.h; path = AppDelegate.h; sourceTree = "<group>"; };
		DDDDD41B1EA9A6CC0055CF3B /* AppDelegate.m */ = {isa = PBXFileReference; lastKnownFileType = sourcecode.c.objc; path = AppDelegate.m; sourceTree = "<group>"; };
		DDDDD41D1EA9A6CC0055CF3B /* ViewController.h */ = {isa = PBXFileReference; lastKnownFileType = sourcecode.c.h; path = ViewController.h; sourceTree = "<group>"; };
		DDDDD41E1EA9A6CC0055CF3B /* ViewController.m */ = {isa = PBXFileReference; lastKnownFileType = sourcecode.c.objc; path = ViewController.m; sourceTree = "<group>"; };
		DDDDD4211EA9A6CC0055CF3B /* Base */ = {isa = PBXFileReference; lastKnownFileType = file.storyboard; name = Base; path = Base.lproj/Main.storyboard; sourceTree = "<group>"; };
		DDDDD4231EA9A6CC0055CF3B /* Assets.xcassets */ = {isa = PBXFileReference; lastKnownFileType = folder.assetcatalog; path = Assets.xcassets; sourceTree = "<group>"; };
		DDDDD4261EA9A6CC0055CF3B /* Base */ = {isa = PBXFileReference; lastKnownFileType = file.storyboard; name = Base; path = Base.lproj/LaunchScreen.storyboard; sourceTree = "<group>"; };
		DDDDD4281EA9A6CC0055CF3B /* Info.plist */ = {isa = PBXFileReference; lastKnownFileType = text.plist.xml; path = Info.plist; sourceTree = "<group>"; };
		DDDDD42F1EA9A8920055CF3B /* DownloadOperation.h */ = {isa = PBXFileReference; fileEncoding = 4; lastKnownFileType = sourcecode.c.h; path = DownloadOperation.h; sourceTree = "<group>"; };
		DDDDD4301EA9A8920055CF3B /* DownloadOperation.m */ = {isa = PBXFileReference; fileEncoding = 4; lastKnownFileType = sourcecode.c.objc; path = DownloadOperation.m; sourceTree = "<group>"; };
		DDE33D551EADF157007833FB /* AFHTTPSessionManager.h */ = {isa = PBXFileReference; fileEncoding = 4; lastKnownFileType = sourcecode.c.h; path = AFHTTPSessionManager.h; sourceTree = "<group>"; };
		DDE33D561EADF157007833FB /* AFHTTPSessionManager.m */ = {isa = PBXFileReference; fileEncoding = 4; lastKnownFileType = sourcecode.c.objc; path = AFHTTPSessionManager.m; sourceTree = "<group>"; };
		DDE33D571EADF157007833FB /* AFNetworking.h */ = {isa = PBXFileReference; fileEncoding = 4; lastKnownFileType = sourcecode.c.h; path = AFNetworking.h; sourceTree = "<group>"; };
		DDE33D581EADF157007833FB /* AFNetworkReachabilityManager.h */ = {isa = PBXFileReference; fileEncoding = 4; lastKnownFileType = sourcecode.c.h; path = AFNetworkReachabilityManager.h; sourceTree = "<group>"; };
		DDE33D591EADF157007833FB /* AFNetworkReachabilityManager.m */ = {isa = PBXFileReference; fileEncoding = 4; lastKnownFileType = sourcecode.c.objc; path = AFNetworkReachabilityManager.m; sourceTree = "<group>"; };
		DDE33D5A1EADF157007833FB /* AFSecurityPolicy.h */ = {isa = PBXFileReference; fileEncoding = 4; lastKnownFileType = sourcecode.c.h; path = AFSecurityPolicy.h; sourceTree = "<group>"; };
		DDE33D5B1EADF157007833FB /* AFSecurityPolicy.m */ = {isa = PBXFileReference; fileEncoding = 4; lastKnownFileType = sourcecode.c.objc; path = AFSecurityPolicy.m; sourceTree = "<group>"; };
		DDE33D5C1EADF157007833FB /* AFURLRequestSerialization.h */ = {isa = PBXFileReference; fileEncoding = 4; lastKnownFileType = sourcecode.c.h; path = AFURLRequestSerialization.h; sourceTree = "<group>"; };
		DDE33D5D1EADF157007833FB /* AFURLRequestSerialization.m */ = {isa = PBXFileReference; fileEncoding = 4; lastKnownFileType = sourcecode.c.objc; path = AFURLRequestSerialization.m; sourceTree = "<group>"; };
		DDE33D5E1EADF157007833FB /* AFURLResponseSerialization.h */ = {isa = PBXFileReference; fileEncoding = 4; lastKnownFileType = sourcecode.c.h; path = AFURLResponseSerialization.h; sourceTree = "<group>"; };
		DDE33D5F1EADF157007833FB /* AFURLResponseSerialization.m */ = {isa = PBXFileReference; fileEncoding = 4; lastKnownFileType = sourcecode.c.objc; path = AFURLResponseSerialization.m; sourceTree = "<group>"; };
		DDE33D601EADF157007833FB /* AFURLSessionManager.h */ = {isa = PBXFileReference; fileEncoding = 4; lastKnownFileType = sourcecode.c.h; path = AFURLSessionManager.h; sourceTree = "<group>"; };
		DDE33D611EADF157007833FB /* AFURLSessionManager.m */ = {isa = PBXFileReference; fileEncoding = 4; lastKnownFileType = sourcecode.c.objc; path = AFURLSessionManager.m; sourceTree = "<group>"; };
		DDE33D681EADF1BE007833FB /* appModel.h */ = {isa = PBXFileReference; fileEncoding = 4; lastKnownFileType = sourcecode.c.h; path = appModel.h; sourceTree = "<group>"; };
		DDE33D691EADF1BE007833FB /* appModel.m */ = {isa = PBXFileReference; fileEncoding = 4; lastKnownFileType = sourcecode.c.objc; path = appModel.m; sourceTree = "<group>"; };
/* End PBXFileReference section */

/* Begin PBXFrameworksBuildPhase section */
		DDDDD4111EA9A6CC0055CF3B /* Frameworks */ = {
			isa = PBXFrameworksBuildPhase;
			buildActionMask = 2147483647;
			files = (
			);
			runOnlyForDeploymentPostprocessing = 0;
		};
/* End PBXFrameworksBuildPhase section */

/* Begin PBXGroup section */
		DDDDD40B1EA9A6CC0055CF3B = {
			isa = PBXGroup;
			children = (
				DDDDD4161EA9A6CC0055CF3B /* 仿SDWebImage */,
				DDDDD4151EA9A6CC0055CF3B /* Products */,
			);
			sourceTree = "<group>";
		};
		DDDDD4151EA9A6CC0055CF3B /* Products */ = {
			isa = PBXGroup;
			children = (
				DDDDD4141EA9A6CC0055CF3B /* 仿SDWebImage.app */,
			);
			name = Products;
			sourceTree = "<group>";
		};
		DDDDD4161EA9A6CC0055CF3B /* 仿SDWebImage */ = {
			isa = PBXGroup;
			children = (
				DDE33D541EADF157007833FB /* AFNetworking */,
				DDDDD42E1EA9A86C0055CF3B /* Imitation of SDWebImage */,
				DDDDD41A1EA9A6CC0055CF3B /* AppDelegate.h */,
				DDDDD41B1EA9A6CC0055CF3B /* AppDelegate.m */,
				DDDDD41D1EA9A6CC0055CF3B /* ViewController.h */,
				DDDDD41E1EA9A6CC0055CF3B /* ViewController.m */,
				DDE33D681EADF1BE007833FB /* appModel.h */,
				DDE33D691EADF1BE007833FB /* appModel.m */,
				DDDDD4201EA9A6CC0055CF3B /* Main.storyboard */,
				DDDDD4231EA9A6CC0055CF3B /* Assets.xcassets */,
				DDDDD4251EA9A6CC0055CF3B /* LaunchScreen.storyboard */,
				DDDDD4281EA9A6CC0055CF3B /* Info.plist */,
				DDDDD4171EA9A6CC0055CF3B /* Supporting Files */,
			);
			path = "仿SDWebImage";
			sourceTree = "<group>";
		};
		DDDDD4171EA9A6CC0055CF3B /* Supporting Files */ = {
			isa = PBXGroup;
			children = (
				DDDDD4181EA9A6CC0055CF3B /* main.m */,
			);
			name = "Supporting Files";
			sourceTree = "<group>";
		};
		DDDDD42E1EA9A86C0055CF3B /* Imitation of SDWebImage */ = {
			isa = PBXGroup;
			children = (
				DDDDD42F1EA9A8920055CF3B /* DownloadOperation.h */,
				DDDDD4301EA9A8920055CF3B /* DownloadOperation.m */,
				DD0404C71EAEF08200BC11B5 /* DownloadManager.h */,
				DD0404C81EAEF08200BC11B5 /* DownloadManager.m */,
			);
			path = "Imitation of SDWebImage";
			sourceTree = "<group>";
		};
		DDE33D541EADF157007833FB /* AFNetworking */ = {
			isa = PBXGroup;
			children = (
				DDE33D551EADF157007833FB /* AFHTTPSessionManager.h */,
				DDE33D561EADF157007833FB /* AFHTTPSessionManager.m */,
				DDE33D571EADF157007833FB /* AFNetworking.h */,
				DDE33D581EADF157007833FB /* AFNetworkReachabilityManager.h */,
				DDE33D591EADF157007833FB /* AFNetworkReachabilityManager.m */,
				DDE33D5A1EADF157007833FB /* AFSecurityPolicy.h */,
				DDE33D5B1EADF157007833FB /* AFSecurityPolicy.m */,
				DDE33D5C1EADF157007833FB /* AFURLRequestSerialization.h */,
				DDE33D5D1EADF157007833FB /* AFURLRequestSerialization.m */,
				DDE33D5E1EADF157007833FB /* AFURLResponseSerialization.h */,
				DDE33D5F1EADF157007833FB /* AFURLResponseSerialization.m */,
				DDE33D601EADF157007833FB /* AFURLSessionManager.h */,
				DDE33D611EADF157007833FB /* AFURLSessionManager.m */,
			);
			path = AFNetworking;
			sourceTree = "<group>";
		};
/* End PBXGroup section */

/* Begin PBXNativeTarget section */
		DDDDD4131EA9A6CC0055CF3B /* 仿SDWebImage */ = {
			isa = PBXNativeTarget;
			buildConfigurationList = DDDDD42B1EA9A6CC0055CF3B /* Build configuration list for PBXNativeTarget "仿SDWebImage" */;
			buildPhases = (
				DDDDD4101EA9A6CC0055CF3B /* Sources */,
				DDDDD4111EA9A6CC0055CF3B /* Frameworks */,
				DDDDD4121EA9A6CC0055CF3B /* Resources */,
			);
			buildRules = (
			);
			dependencies = (
			);
			name = "仿SDWebImage";
			productName = "仿SDWebImage";
			productReference = DDDDD4141EA9A6CC0055CF3B /* 仿SDWebImage.app */;
			productType = "com.apple.product-type.application";
		};
/* End PBXNativeTarget section */

/* Begin PBXProject section */
		DDDDD40C1EA9A6CC0055CF3B /* Project object */ = {
			isa = PBXProject;
			attributes = {
				LastUpgradeCheck = 0810;
				ORGANIZATIONNAME = "贾晓磊";
				TargetAttributes = {
					DDDDD4131EA9A6CC0055CF3B = {
						CreatedOnToolsVersion = 8.1;
						DevelopmentTeam = UH338QZA4C;
						ProvisioningStyle = Automatic;
					};
				};
			};
			buildConfigurationList = DDDDD40F1EA9A6CC0055CF3B /* Build configuration list for PBXProject "仿SDWebImage" */;
			compatibilityVersion = "Xcode 3.2";
			developmentRegion = English;
			hasScannedForEncodings = 0;
			knownRegions = (
				en,
				Base,
			);
			mainGroup = DDDDD40B1EA9A6CC0055CF3B;
			productRefGroup = DDDDD4151EA9A6CC0055CF3B /* Products */;
			projectDirPath = "";
			projectRoot = "";
			targets = (
				DDDDD4131EA9A6CC0055CF3B /* 仿SDWebImage */,
			);
		};
/* End PBXProject section */

/* Begin PBXResourcesBuildPhase section */
		DDDDD4121EA9A6CC0055CF3B /* Resources */ = {
			isa = PBXResourcesBuildPhase;
			buildActionMask = 2147483647;
			files = (
				DDDDD4271EA9A6CC0055CF3B /* LaunchScreen.storyboard in Resources */,
				DDDDD4241EA9A6CC0055CF3B /* Assets.xcassets in Resources */,
				DDDDD4221EA9A6CC0055CF3B /* Main.storyboard in Resources */,
			);
			runOnlyForDeploymentPostprocessing = 0;
		};
/* End PBXResourcesBuildPhase section */

/* Begin PBXSourcesBuildPhase section */
		DDDDD4101EA9A6CC0055CF3B /* Sources */ = {
			isa = PBXSourcesBuildPhase;
			buildActionMask = 2147483647;
			files = (
				DDE33D6A1EADF1BE007833FB /* appModel.m in Sources */,
				DDE33D641EADF157007833FB /* AFSecurityPolicy.m in Sources */,
				DDE33D661EADF157007833FB /* AFURLResponseSerialization.m in Sources */,
				DDDDD41F1EA9A6CC0055CF3B /* ViewController.m in Sources */,
				DDDDD41C1EA9A6CC0055CF3B /* AppDelegate.m in Sources */,
				DDE33D621EADF157007833FB /* AFHTTPSessionManager.m in Sources */,
				DDE33D671EADF157007833FB /* AFURLSessionManager.m in Sources */,
				DDDDD4191EA9A6CC0055CF3B /* main.m in Sources */,
				DDE33D631EADF157007833FB /* AFNetworkReachabilityManager.m in Sources */,
				DDDDD4311EA9A8920055CF3B /* DownloadOperation.m in Sources */,
				DDE33D651EADF157007833FB /* AFURLRequestSerialization.m in Sources */,
				DD0404C91EAEF08200BC11B5 /* DownloadManager.m in Sources */,
			);
			runOnlyForDeploymentPostprocessing = 0;
		};
/* End PBXSourcesBuildPhase section */

/* Begin PBXVariantGroup section */
		DDDDD4201EA9A6CC0055CF3B /* Main.storyboard */ = {
			isa = PBXVariantGroup;
			children = (
				DDDDD4211EA9A6CC0055CF3B /* Base */,
			);
			name = Main.storyboard;
			sourceTree = "<group>";
		};
		DDDDD4251EA9A6CC0055CF3B /* LaunchScreen.storyboard */ = {
			isa = PBXVariantGroup;
			children = (
				DDDDD4261EA9A6CC0055CF3B /* Base */,
			);
			name = LaunchScreen.storyboard;
			sourceTree = "<group>";
		};
/* End PBXVariantGroup section */

/* Begin XCBuildConfiguration section */
		DDDDD4291EA9A6CC0055CF3B /* Debug */ = {
			isa = XCBuildConfiguration;
			buildSettings = {
				ALWAYS_SEARCH_USER_PATHS = NO;
				CLANG_ANALYZER_NONNULL = YES;
				CLANG_CXX_LANGUAGE_STANDARD = "gnu++0x";
				CLANG_CXX_LIBRARY = "libc++";
				CLANG_ENABLE_MODULES = YES;
				CLANG_ENABLE_OBJC_ARC = YES;
				CLANG_WARN_BOOL_CONVERSION = YES;
				CLANG_WARN_CONSTANT_CONVERSION = YES;
				CLANG_WARN_DIRECT_OBJC_ISA_USAGE = YES_ERROR;
				CLANG_WARN_DOCUMENTATION_COMMENTS = YES;
				CLANG_WARN_EMPTY_BODY = YES;
				CLANG_WARN_ENUM_CONVERSION = YES;
				CLANG_WARN_INFINITE_RECURSION = YES;
				CLANG_WARN_INT_CONVERSION = YES;
				CLANG_WARN_OBJC_ROOT_CLASS = YES_ERROR;
				CLANG_WARN_SUSPICIOUS_MOVES = YES;
				CLANG_WARN_UNREACHABLE_CODE = YES;
				CLANG_WARN__DUPLICATE_METHOD_MATCH = YES;
				"CODE_SIGN_IDENTITY[sdk=iphoneos*]" = "iPhone Developer";
				COPY_PHASE_STRIP = NO;
				DEBUG_INFORMATION_FORMAT = dwarf;
				ENABLE_STRICT_OBJC_MSGSEND = YES;
				ENABLE_TESTABILITY = YES;
				GCC_C_LANGUAGE_STANDARD = gnu99;
				GCC_DYNAMIC_NO_PIC = NO;
				GCC_NO_COMMON_BLOCKS = YES;
				GCC_OPTIMIZATION_LEVEL = 0;
				GCC_PREPROCESSOR_DEFINITIONS = (
					"DEBUG=1",
					"$(inherited)",
				);
				GCC_WARN_64_TO_32_BIT_CONVERSION = YES;
				GCC_WARN_ABOUT_RETURN_TYPE = YES_ERROR;
				GCC_WARN_UNDECLARED_SELECTOR = YES;
				GCC_WARN_UNINITIALIZED_AUTOS = YES_AGGRESSIVE;
				GCC_WARN_UNUSED_FUNCTION = YES;
				GCC_WARN_UNUSED_VARIABLE = YES;
				IPHONEOS_DEPLOYMENT_TARGET = 10.1;
				MTL_ENABLE_DEBUG_INFO = YES;
				ONLY_ACTIVE_ARCH = YES;
				SDKROOT = iphoneos;
			};
			name = Debug;
		};
		DDDDD42A1EA9A6CC0055CF3B /* Release */ = {
			isa = XCBuildConfiguration;
			buildSettings = {
				ALWAYS_SEARCH_USER_PATHS = NO;
				CLANG_ANALYZER_NONNULL = YES;
				CLANG_CXX_LANGUAGE_STANDARD = "gnu++0x";
				CLANG_CXX_LIBRARY = "libc++";
				CLANG_ENABLE_MODULES = YES;
				CLANG_ENABLE_OBJC_ARC = YES;
				CLANG_WARN_BOOL_CONVERSION = YES;
				CLANG_WARN_CONSTANT_CONVERSION = YES;
				CLANG_WARN_DIRECT_OBJC_ISA_USAGE = YES_ERROR;
				CLANG_WARN_DOCUMENTATION_COMMENTS = YES;
				CLANG_WARN_EMPTY_BODY = YES;
				CLANG_WARN_ENUM_CONVERSION = YES;
				CLANG_WARN_INFINITE_RECURSION = YES;
				CLANG_WARN_INT_CONVERSION = YES;
				CLANG_WARN_OBJC_ROOT_CLASS = YES_ERROR;
				CLANG_WARN_SUSPICIOUS_MOVES = YES;
				CLANG_WARN_UNREACHABLE_CODE = YES;
				CLANG_WARN__DUPLICATE_METHOD_MATCH = YES;
				"CODE_SIGN_IDENTITY[sdk=iphoneos*]" = "iPhone Developer";
				COPY_PHASE_STRIP = NO;
				DEBUG_INFORMATION_FORMAT = "dwarf-with-dsym";
				ENABLE_NS_ASSERTIONS = NO;
				ENABLE_STRICT_OBJC_MSGSEND = YES;
				GCC_C_LANGUAGE_STANDARD = gnu99;
				GCC_NO_COMMON_BLOCKS = YES;
				GCC_WARN_64_TO_32_BIT_CONVERSION = YES;
				GCC_WARN_ABOUT_RETURN_TYPE = YES_ERROR;
				GCC_WARN_UNDECLARED_SELECTOR = YES;
				GCC_WARN_UNINITIALIZED_AUTOS = YES_AGGRESSIVE;
				GCC_WARN_UNUSED_FUNCTION = YES;
				GCC_WARN_UNUSED_VARIABLE = YES;
				IPHONEOS_DEPLOYMENT_TARGET = 10.1;
				MTL_ENABLE_DEBUG_INFO = NO;
				SDKROOT = iphoneos;
				VALIDATE_PRODUCT = YES;
			};
			name = Release;
		};
		DDDDD42C1EA9A6CC0055CF3B /* Debug */ = {
			isa = XCBuildConfiguration;
			buildSettings = {
				ASSETCATALOG_COMPILER_APPICON_NAME = AppIcon;
				DEVELOPMENT_TEAM = UH338QZA4C;
				INFOPLIST_FILE = "仿SDWebImage/Info.plist";
				LD_RUNPATH_SEARCH_PATHS = "$(inherited) @executable_path/Frameworks";
				PRODUCT_BUNDLE_IDENTIFIER = "com.Eric-Jia.-SDWebImage";
				PRODUCT_NAME = "$(TARGET_NAME)";
			};
			name = Debug;
		};
		DDDDD42D1EA9A6CC0055CF3B /* Release */ = {
			isa = XCBuildConfiguration;
			buildSettings = {
				ASSETCATALOG_COMPILER_APPICON_NAME = AppIcon;
				DEVELOPMENT_TEAM = UH338QZA4C;
				INFOPLIST_FILE = "仿SDWebImage/Info.plist";
				LD_RUNPATH_SEARCH_PATHS = "$(inherited) @executable_path/Frameworks";
				PRODUCT_BUNDLE_IDENTIFIER = "com.Eric-Jia.-SDWebImage";
				PRODUCT_NAME = "$(TARGET_NAME)";
			};
			name = Release;
		};
/* End XCBuildConfiguration section */

/* Begin XCConfigurationList section */
		DDDDD40F1EA9A6CC0055CF3B /* Build configuration list for PBXProject "仿SDWebImage" */ = {
			isa = XCConfigurationList;
			buildConfigurations = (
				DDDDD4291EA9A6CC0055CF3B /* Debug */,
				DDDDD42A1EA9A6CC0055CF3B /* Release */,
			);
			defaultConfigurationIsVisible = 0;
			defaultConfigurationName = Release;
		};
		DDDDD42B1EA9A6CC0055CF3B /* Build configuration list for PBXNativeTarget "仿SDWebImage" */ = {
			isa = XCConfigurationList;
			buildConfigurations = (
				DDDDD42C1EA9A6CC0055CF3B /* Debug */,
				DDDDD42D1EA9A6CC0055CF3B /* Release */,
			);
			defaultConfigurationIsVisible = 0;
			defaultConfigurationName = Release;
		};
/* End XCConfigurationList section */
	};
	rootObject = DDDDD40C1EA9A6CC0055CF3B /* Project object */;
}
